<?xml version="1.0" encoding="utf-8"?>
<Project ToolsVersion="17.0" xmlns="http://schemas.microsoft.com/developer/msbuild/2003">
  <ItemGroup>
    <ClCompile Include="F:\Dev\Apophenia\Opal\Audio\AudioClip.cpp">
      <Filter>Source Files</Filter>
    </ClCompile>
    <ClCompile Include="F:\Dev\Apophenia\Opal\Audio\AudioClipInstance.cpp">
      <Filter>Source Files</Filter>
    </ClCompile>
    <ClCompile Include="F:\Dev\Apophenia\Opal\Audio\AudioEngine.cpp">
      <Filter>Source Files</Filter>
    </ClCompile>
    <ClCompile Include="F:\Dev\Apophenia\Opal\Collision\AABBCollision.cpp">
      <Filter>Source Files</Filter>
    </ClCompile>
    <ClCompile Include="F:\Dev\Apophenia\Opal\Collision\CollisionManager.cpp">
      <Filter>Source Files</Filter>
    </ClCompile>
    <ClCompile Include="F:\Dev\Apophenia\Opal\Editor\EntityUI.cpp">
      <Filter>Source Files</Filter>
    </ClCompile>
    <ClCompile Include="F:\Dev\Apophenia\Opal\EntityComponent\AnimatedSpriteComponent.cpp">
      <Filter>Source Files</Filter>
    </ClCompile>
    <ClCompile Include="F:\Dev\Apophenia\Opal\EntityComponent\BoxColliderComponent2D.cpp">
      <Filter>Source Files</Filter>
    </ClCompile>
    <ClCompile Include="F:\Dev\Apophenia\Opal\EntityComponent\Component.cpp">
      <Filter>Source Files</Filter>
    </ClCompile>
    <ClCompile Include="F:\Dev\Apophenia\Opal\EntityComponent\Entity.cpp">
      <Filter>Source Files</Filter>
    </ClCompile>
    <ClCompile Include="F:\Dev\Apophenia\Opal\EntityComponent\EntityComponentSerialization.cpp">
      <Filter>Source Files</Filter>
    </ClCompile>
    <ClCompile Include="F:\Dev\Apophenia\Opal\EntityComponent\LightComponent2D.cpp">
      <Filter>Source Files</Filter>
    </ClCompile>
    <ClCompile Include="F:\Dev\Apophenia\Opal\EntityComponent\LinePointComponent.cpp">
      <Filter>Source Files</Filter>
    </ClCompile>
    <ClCompile Include="F:\Dev\Apophenia\Opal\EntityComponent\Scene.cpp">
      <Filter>Source Files</Filter>
    </ClCompile>
    <ClCompile Include="F:\Dev\Apophenia\Opal\EntityComponent\SpriteComponent.cpp">
      <Filter>Source Files</Filter>
    </ClCompile>
    <ClCompile Include="F:\Dev\Apophenia\Opal\EntityComponent\TransformComponent.cpp">
      <Filter>Source Files</Filter>
    </ClCompile>
    <ClCompile Include="F:\Dev\Apophenia\Opal\EntityComponent\VelocityComponent.cpp">
      <Filter>Source Files</Filter>
    </ClCompile>
    <ClCompile Include="F:\Dev\Apophenia\Opal\Game.cpp">
      <Filter>Source Files</Filter>
    </ClCompile>
    <ClCompile Include="F:\Dev\Apophenia\Opal\Gamestate\EditorGamestate.cpp">
      <Filter>Source Files</Filter>
    </ClCompile>
    <ClCompile Include="F:\Dev\Apophenia\Opal\Gamestate\Gamestate.cpp">
      <Filter>Source Files</Filter>
    </ClCompile>
    <ClCompile Include="F:\Dev\Apophenia\Opal\Graphics\AnimatedSprite.cpp">
      <Filter>Source Files</Filter>
    </ClCompile>
    <ClCompile Include="F:\Dev\Apophenia\Opal\Graphics\BatchRenderer2D.cpp">
      <Filter>Source Files</Filter>
    </ClCompile>
    <ClCompile Include="F:\Dev\Apophenia\Opal\Graphics\Camera.cpp">
      <Filter>Source Files</Filter>
    </ClCompile>
    <ClCompile Include="F:\Dev\Apophenia\Opal\Graphics\CircleRenderer.cpp">
      <Filter>Source Files</Filter>
    </ClCompile>
    <ClCompile Include="F:\Dev\Apophenia\Opal\Graphics\Font.cpp">
      <Filter>Source Files</Filter>
    </ClCompile>
    <ClCompile Include="F:\Dev\Apophenia\Opal\Graphics\FontRenderer.cpp">
      <Filter>Source Files</Filter>
    </ClCompile>
    <ClCompile Include="F:\Dev\Apophenia\Opal\Graphics\LineRenderer.cpp">
      <Filter>Source Files</Filter>
    </ClCompile>
    <ClCompile Include="F:\Dev\Apophenia\Opal\Graphics\Mesh2D.cpp">
      <Filter>Source Files</Filter>
    </ClCompile>
    <ClCompile Include="F:\Dev\Apophenia\Opal\Graphics\MeshRenderer2D.cpp">
      <Filter>Source Files</Filter>
    </ClCompile>
    <ClCompile Include="F:\Dev\Apophenia\Opal\Graphics\PostProcessRenderer.cpp">
      <Filter>Source Files</Filter>
    </ClCompile>
    <ClCompile Include="F:\Dev\Apophenia\Opal\Graphics\Renderer.cpp">
      <Filter>Source Files</Filter>
    </ClCompile>
    <ClCompile Include="F:\Dev\Apophenia\Opal\Graphics\Sprite.cpp">
      <Filter>Source Files</Filter>
    </ClCompile>
    <ClCompile Include="F:\Dev\Apophenia\Opal\Graphics\SpriteRenderer.cpp">
      <Filter>Source Files</Filter>
    </ClCompile>
    <ClCompile Include="F:\Dev\Apophenia\Opal\Graphics\Texture.cpp">
      <Filter>Source Files</Filter>
    </ClCompile>
    <ClCompile Include="F:\Dev\Apophenia\Opal\Graphics\TextureAtlas.cpp">
      <Filter>Source Files</Filter>
    </ClCompile>
    <ClCompile Include="F:\Dev\Apophenia\Opal\Graphics\Vulkan\VulkanBuffer.cpp">
      <Filter>Source Files</Filter>
    </ClCompile>
    <ClCompile Include="F:\Dev\Apophenia\Opal\Graphics\Vulkan\VulkanDescriptorSet.cpp">
      <Filter>Source Files</Filter>
    </ClCompile>
    <ClCompile Include="F:\Dev\Apophenia\Opal\Graphics\Vulkan\VulkanPipeline.cpp">
      <Filter>Source Files</Filter>
    </ClCompile>
    <ClCompile Include="F:\Dev\Apophenia\Opal\Graphics\Vulkan\VulkanRenderPass.cpp">
      <Filter>Source Files</Filter>
    </ClCompile>
    <ClCompile Include="F:\Dev\Apophenia\Opal\Graphics\Vulkan\VulkanRenderer.cpp">
      <Filter>Source Files</Filter>
    </ClCompile>
    <ClCompile Include="F:\Dev\Apophenia\Opal\Graphics\Vulkan\VulkanTexture.cpp">
      <Filter>Source Files</Filter>
    </ClCompile>
    <ClCompile Include="F:\Dev\Apophenia\Opal\Input\InputHandler.cpp">
      <Filter>Source Files</Filter>
    </ClCompile>
    <ClCompile Include="F:\Dev\Apophenia\Opal\Logger.cpp">
      <Filter>Source Files</Filter>
    </ClCompile>
    <ClCompile Include="F:\Dev\Apophenia\Opal\OpalMath.cpp">
      <Filter>Source Files</Filter>
    </ClCompile>
    <ClCompile Include="F:\Dev\Apophenia\Opal\PlayerPrefs.cpp">
      <Filter>Source Files</Filter>
    </ClCompile>
    <ClCompile Include="F:\Dev\Apophenia\Opal\Tilemap\TileChunk.cpp">
      <Filter>Source Files</Filter>
    </ClCompile>
    <ClCompile Include="F:\Dev\Apophenia\Opal\Tilemap\TileChunkManager.cpp">
      <Filter>Source Files</Filter>
    </ClCompile>
    <ClCompile Include="F:\Dev\Apophenia\Opal\UI\UIContext.cpp">
      <Filter>Source Files</Filter>
    </ClCompile>
    <ClCompile Include="F:\Dev\Apophenia\Opal\Window.cpp">
      <Filter>Source Files</Filter>
    </ClCompile>
    <ClCompile Include="F:\Dev\Apophenia\Opal\vendor\imgui\imgui.cpp">
      <Filter>Source Files</Filter>
    </ClCompile>
    <ClCompile Include="F:\Dev\Apophenia\Opal\vendor\imgui\imgui_demo.cpp">
      <Filter>Source Files</Filter>
    </ClCompile>
    <ClCompile Include="F:\Dev\Apophenia\Opal\vendor\imgui\imgui_draw.cpp">
      <Filter>Source Files</Filter>
    </ClCompile>
    <ClCompile Include="F:\Dev\Apophenia\Opal\vendor\imgui\imgui_impl_sdl.cpp">
      <Filter>Source Files</Filter>
    </ClCompile>
    <ClCompile Include="F:\Dev\Apophenia\Opal\vendor\imgui\imgui_impl_vulkan.cpp">
      <Filter>Source Files</Filter>
    </ClCompile>
    <ClCompile Include="F:\Dev\Apophenia\Opal\vendor\imgui\imgui_stdlib.cpp">
      <Filter>Source Files</Filter>
    </ClCompile>
    <ClCompile Include="F:\Dev\Apophenia\Opal\vendor\imgui\imgui_tables.cpp">
      <Filter>Source Files</Filter>
    </ClCompile>
    <ClCompile Include="F:\Dev\Apophenia\Opal\vendor\imgui\imgui_widgets.cpp">
      <Filter>Source Files</Filter>
    </ClCompile>
    <ClCompile Include="F:\Dev\Apophenia\Opal\vendor\imgui\implot.cpp">
      <Filter>Source Files</Filter>
    </ClCompile>
    <ClCompile Include="F:\Dev\Apophenia\Opal\vendor\imgui\implot_items.cpp">
      <Filter>Source Files</Filter>
    </ClCompile>
    <ClCompile Include="F:\Dev\Apophenia\Opal\vendor\soloud\src\audiosource\wav\dr_impl.cpp">
      <Filter>Source Files</Filter>
    </ClCompile>
    <ClCompile Include="F:\Dev\Apophenia\Opal\vendor\soloud\src\audiosource\wav\soloud_wav.cpp">
      <Filter>Source Files</Filter>
    </ClCompile>
    <ClCompile Include="F:\Dev\Apophenia\Opal\vendor\soloud\src\audiosource\wav\soloud_wavstream.cpp">
      <Filter>Source Files</Filter>
    </ClCompile>
    <ClCompile Include="F:\Dev\Apophenia\Opal\vendor\soloud\src\audiosource\wav\stb_vorbis.c">
      <Filter>Source Files</Filter>
    </ClCompile>
    <ClCompile Include="F:\Dev\Apophenia\Opal\vendor\soloud\src\backend\miniaudio\soloud_miniaudio.cpp">
      <Filter>Source Files</Filter>
    </ClCompile>
    <ClCompile Include="F:\Dev\Apophenia\Opal\vendor\soloud\src\core\soloud.cpp">
      <Filter>Source Files</Filter>
    </ClCompile>
    <ClCompile Include="F:\Dev\Apophenia\Opal\vendor\soloud\src\core\soloud_audiosource.cpp">
      <Filter>Source Files</Filter>
    </ClCompile>
    <ClCompile Include="F:\Dev\Apophenia\Opal\vendor\soloud\src\core\soloud_bus.cpp">
      <Filter>Source Files</Filter>
    </ClCompile>
    <ClCompile Include="F:\Dev\Apophenia\Opal\vendor\soloud\src\core\soloud_core_3d.cpp">
      <Filter>Source Files</Filter>
    </ClCompile>
    <ClCompile Include="F:\Dev\Apophenia\Opal\vendor\soloud\src\core\soloud_core_basicops.cpp">
      <Filter>Source Files</Filter>
    </ClCompile>
    <ClCompile Include="F:\Dev\Apophenia\Opal\vendor\soloud\src\core\soloud_core_faderops.cpp">
      <Filter>Source Files</Filter>
    </ClCompile>
    <ClCompile Include="F:\Dev\Apophenia\Opal\vendor\soloud\src\core\soloud_core_filterops.cpp">
      <Filter>Source Files</Filter>
    </ClCompile>
    <ClCompile Include="F:\Dev\Apophenia\Opal\vendor\soloud\src\core\soloud_core_getters.cpp">
      <Filter>Source Files</Filter>
    </ClCompile>
    <ClCompile Include="F:\Dev\Apophenia\Opal\vendor\soloud\src\core\soloud_core_setters.cpp">
      <Filter>Source Files</Filter>
    </ClCompile>
    <ClCompile Include="F:\Dev\Apophenia\Opal\vendor\soloud\src\core\soloud_core_voicegroup.cpp">
      <Filter>Source Files</Filter>
    </ClCompile>
    <ClCompile Include="F:\Dev\Apophenia\Opal\vendor\soloud\src\core\soloud_core_voiceops.cpp">
      <Filter>Source Files</Filter>
    </ClCompile>
    <ClCompile Include="F:\Dev\Apophenia\Opal\vendor\soloud\src\core\soloud_fader.cpp">
      <Filter>Source Files</Filter>
    </ClCompile>
    <ClCompile Include="F:\Dev\Apophenia\Opal\vendor\soloud\src\core\soloud_fft.cpp">
      <Filter>Source Files</Filter>
    </ClCompile>
    <ClCompile Include="F:\Dev\Apophenia\Opal\vendor\soloud\src\core\soloud_fft_lut.cpp">
      <Filter>Source Files</Filter>
    </ClCompile>
    <ClCompile Include="F:\Dev\Apophenia\Opal\vendor\soloud\src\core\soloud_file.cpp">
      <Filter>Source Files</Filter>
    </ClCompile>
    <ClCompile Include="F:\Dev\Apophenia\Opal\vendor\soloud\src\core\soloud_filter.cpp">
      <Filter>Source Files</Filter>
    </ClCompile>
    <ClCompile Include="F:\Dev\Apophenia\Opal\vendor\soloud\src\core\soloud_misc.cpp">
      <Filter>Source Files</Filter>
    </ClCompile>
    <ClCompile Include="F:\Dev\Apophenia\Opal\vendor\soloud\src\core\soloud_queue.cpp">
      <Filter>Source Files</Filter>
    </ClCompile>
    <ClCompile Include="F:\Dev\Apophenia\Opal\vendor\soloud\src\core\soloud_thread.cpp">
      <Filter>Source Files</Filter>
    </ClCompile>
    <ClCompile Include="F:\Dev\Apophenia\Opal\vendor\tinyxml2\tinyxml2.cpp">
      <Filter>Source Files</Filter>
    </ClCompile>
  </ItemGroup>
  <ItemGroup>
    <ClInclude Include="F:\Dev\Apophenia\Opal\Audio\AudioClip.h">
      <Filter>Header Files</Filter>
    </ClInclude>
    <ClInclude Include="F:\Dev\Apophenia\Opal\Audio\AudioClipInstance.h">
      <Filter>Header Files</Filter>
    </ClInclude>
    <ClInclude Include="F:\Dev\Apophenia\Opal\Audio\AudioEngine.h">
      <Filter>Header Files</Filter>
    </ClInclude>
    <ClInclude Include="F:\Dev\Apophenia\Opal\Collision\AABBCollision.h">
      <Filter>Header Files</Filter>
    </ClInclude>
    <ClInclude Include="F:\Dev\Apophenia\Opal\Collision\CollisionManager.h">
      <Filter>Header Files</Filter>
    </ClInclude>
    <ClInclude Include="F:\Dev\Apophenia\Opal\Editor\EntityUI.h">
      <Filter>Header Files</Filter>
    </ClInclude>
    <ClInclude Include="F:\Dev\Apophenia\Opal\EntityComponent\AnimatedSpriteComponent.h">
      <Filter>Header Files</Filter>
    </ClInclude>
    <ClInclude Include="F:\Dev\Apophenia\Opal\EntityComponent\BoxColliderComponent2D.h">
      <Filter>Header Files</Filter>
    </ClInclude>
    <ClInclude Include="F:\Dev\Apophenia\Opal\EntityComponent\Component.h">
      <Filter>Header Files</Filter>
    </ClInclude>
    <ClInclude Include="F:\Dev\Apophenia\Opal\EntityComponent\Entity.h">
      <Filter>Header Files</Filter>
    </ClInclude>
    <ClInclude Include="F:\Dev\Apophenia\Opal\EntityComponent\EntityComponentSerialization.h">
      <Filter>Header Files</Filter>
    </ClInclude>
    <ClInclude Include="F:\Dev\Apophenia\Opal\EntityComponent\LightComponent2D.h">
      <Filter>Header Files</Filter>
    </ClInclude>
    <ClInclude Include="F:\Dev\Apophenia\Opal\EntityComponent\LinePointComponent.h">
      <Filter>Header Files</Filter>
    </ClInclude>
    <ClInclude Include="F:\Dev\Apophenia\Opal\EntityComponent\Scene.h">
      <Filter>Header Files</Filter>
    </ClInclude>
    <ClInclude Include="F:\Dev\Apophenia\Opal\EntityComponent\SpriteComponent.h">
      <Filter>Header Files</Filter>
    </ClInclude>
    <ClInclude Include="F:\Dev\Apophenia\Opal\EntityComponent\TransformComponent.h">
      <Filter>Header Files</Filter>
    </ClInclude>
    <ClInclude Include="F:\Dev\Apophenia\Opal\EntityComponent\VelocityComponent.h">
      <Filter>Header Files</Filter>
    </ClInclude>
    <ClInclude Include="F:\Dev\Apophenia\Opal\Game.h">
      <Filter>Header Files</Filter>
    </ClInclude>
    <ClInclude Include="F:\Dev\Apophenia\Opal\Gamestate\EditorGamestate.h">
      <Filter>Header Files</Filter>
    </ClInclude>
    <ClInclude Include="F:\Dev\Apophenia\Opal\Gamestate\Gamestate.h">
      <Filter>Header Files</Filter>
    </ClInclude>
    <ClInclude Include="F:\Dev\Apophenia\Opal\Graphics\AnimatedSprite.h">
      <Filter>Header Files</Filter>
    </ClInclude>
    <ClInclude Include="F:\Dev\Apophenia\Opal\Graphics\BatchRenderer2D.h">
      <Filter>Header Files</Filter>
    </ClInclude>
    <ClInclude Include="F:\Dev\Apophenia\Opal\Graphics\BufferLayout.h">
      <Filter>Header Files</Filter>
    </ClInclude>
    <ClInclude Include="F:\Dev\Apophenia\Opal\Graphics\Camera.h">
      <Filter>Header Files</Filter>
    </ClInclude>
    <ClInclude Include="F:\Dev\Apophenia\Opal\Graphics\CircleRenderer.h">
      <Filter>Header Files</Filter>
    </ClInclude>
    <ClInclude Include="F:\Dev\Apophenia\Opal\Graphics\DescriptorSet.h">
      <Filter>Header Files</Filter>
    </ClInclude>
    <ClInclude Include="F:\Dev\Apophenia\Opal\Graphics\Font.h">
      <Filter>Header Files</Filter>
    </ClInclude>
    <ClInclude Include="F:\Dev\Apophenia\Opal\Graphics\FontRenderer.h">
      <Filter>Header Files</Filter>
    </ClInclude>
    <ClInclude Include="F:\Dev\Apophenia\Opal\Graphics\LineRenderer.h">
      <Filter>Header Files</Filter>
    </ClInclude>
    <ClInclude Include="F:\Dev\Apophenia\Opal\Graphics\Mesh2D.h">
      <Filter>Header Files</Filter>
    </ClInclude>
    <ClInclude Include="F:\Dev\Apophenia\Opal\Graphics\MeshRenderer2D.h">
      <Filter>Header Files</Filter>
    </ClInclude>
    <ClInclude Include="F:\Dev\Apophenia\Opal\Graphics\Pipeline.h">
      <Filter>Header Files</Filter>
    </ClInclude>
    <ClInclude Include="F:\Dev\Apophenia\Opal\Graphics\PostProcessRenderer.h">
      <Filter>Header Files</Filter>
    </ClInclude>
    <ClInclude Include="F:\Dev\Apophenia\Opal\Graphics\RenderBuffer.h">
      <Filter>Header Files</Filter>
    </ClInclude>
    <ClInclude Include="F:\Dev\Apophenia\Opal\Graphics\RenderCommand.h">
      <Filter>Header Files</Filter>
    </ClInclude>
    <ClInclude Include="F:\Dev\Apophenia\Opal\Graphics\RenderPass.h">
      <Filter>Header Files</Filter>
    </ClInclude>
    <ClInclude Include="F:\Dev\Apophenia\Opal\Graphics\Renderer.h">
      <Filter>Header Files</Filter>
    </ClInclude>
    <ClInclude Include="F:\Dev\Apophenia\Opal\Graphics\Shader.h">
      <Filter>Header Files</Filter>
    </ClInclude>
    <ClInclude Include="F:\Dev\Apophenia\Opal\Graphics\Sprite.h">
      <Filter>Header Files</Filter>
    </ClInclude>
    <ClInclude Include="F:\Dev\Apophenia\Opal\Graphics\SpriteRenderer.h">
      <Filter>Header Files</Filter>
    </ClInclude>
    <ClInclude Include="F:\Dev\Apophenia\Opal\Graphics\Textmesh.h">
      <Filter>Header Files</Filter>
    </ClInclude>
    <ClInclude Include="F:\Dev\Apophenia\Opal\Graphics\Texture.h">
      <Filter>Header Files</Filter>
    </ClInclude>
    <ClInclude Include="F:\Dev\Apophenia\Opal\Graphics\TextureAtlas.h">
      <Filter>Header Files</Filter>
    </ClInclude>
    <ClInclude Include="F:\Dev\Apophenia\Opal\Graphics\UniformBufferInfo.h">
      <Filter>Header Files</Filter>
    </ClInclude>
    <ClInclude Include="F:\Dev\Apophenia\Opal\Graphics\Vulkan\VulkanBuffer.h">
      <Filter>Header Files</Filter>
    </ClInclude>
    <ClInclude Include="F:\Dev\Apophenia\Opal\Graphics\Vulkan\VulkanDescriptorSet.h">
      <Filter>Header Files</Filter>
    </ClInclude>
    <ClInclude Include="F:\Dev\Apophenia\Opal\Graphics\Vulkan\VulkanPipeline.h">
      <Filter>Header Files</Filter>
    </ClInclude>
    <ClInclude Include="F:\Dev\Apophenia\Opal\Graphics\Vulkan\VulkanRenderPass.h">
      <Filter>Header Files</Filter>
    </ClInclude>
    <ClInclude Include="F:\Dev\Apophenia\Opal\Graphics\Vulkan\VulkanRenderer.h">
      <Filter>Header Files</Filter>
    </ClInclude>
    <ClInclude Include="F:\Dev\Apophenia\Opal\Graphics\Vulkan\VulkanTexture.h">
      <Filter>Header Files</Filter>
    </ClInclude>
    <ClInclude Include="F:\Dev\Apophenia\Opal\Graphics\stb_image.h">
      <Filter>Header Files</Filter>
    </ClInclude>
    <ClInclude Include="F:\Dev\Apophenia\Opal\Input\InputHandler.h">
      <Filter>Header Files</Filter>
    </ClInclude>
    <ClInclude Include="F:\Dev\Apophenia\Opal\Logger.h">
      <Filter>Header Files</Filter>
    </ClInclude>
    <ClInclude Include="F:\Dev\Apophenia\Opal\OpalMath.h">
      <Filter>Header Files</Filter>
    </ClInclude>
    <ClInclude Include="F:\Dev\Apophenia\Opal\PlayerPrefs.h">
      <Filter>Header Files</Filter>
    </ClInclude>
    <ClInclude Include="F:\Dev\Apophenia\Opal\Tilemap\TileChunk.h">
      <Filter>Header Files</Filter>
    </ClInclude>
    <ClInclude Include="F:\Dev\Apophenia\Opal\Tilemap\TileChunkManager.h">
      <Filter>Header Files</Filter>
    </ClInclude>
    <ClInclude Include="F:\Dev\Apophenia\Opal\Tilemap\TileSet.h">
      <Filter>Header Files</Filter>
    </ClInclude>
    <ClInclude Include="F:\Dev\Apophenia\Opal\UI\Elements\UIButtonElement.h">
      <Filter>Header Files</Filter>
    </ClInclude>
    <ClInclude Include="F:\Dev\Apophenia\Opal\UI\Elements\UISliderElement.h">
      <Filter>Header Files</Filter>
    </ClInclude>
    <ClInclude Include="F:\Dev\Apophenia\Opal\UI\Elements\UIStackElement.h">
      <Filter>Header Files</Filter>
    </ClInclude>
    <ClInclude Include="F:\Dev\Apophenia\Opal\UI\Elements\UITitleElement.h">
      <Filter>Header Files</Filter>
    </ClInclude>
    <ClInclude Include="F:\Dev\Apophenia\Opal\UI\UIContext.h">
      <Filter>Header Files</Filter>
    </ClInclude>
    <ClInclude Include="F:\Dev\Apophenia\Opal\UI\UIElement.h">
      <Filter>Header Files</Filter>
    </ClInclude>
    <ClInclude Include="F:\Dev\Apophenia\Opal\UI\UIRect.h">
      <Filter>Header Files</Filter>
    </ClInclude>
    <ClInclude Include="F:\Dev\Apophenia\Opal\UI\UIRenderer.h">
      <Filter>Header Files</Filter>
    </ClInclude>
    <ClInclude Include="F:\Dev\Apophenia\Opal\Window.h">
      <Filter>Header Files</Filter>
    </ClInclude>
    <ClInclude Include="F:\Dev\Apophenia\Opal\glm\common.hpp">
      <Filter>Header Files</Filter>
    </ClInclude>
    <ClInclude Include="F:\Dev\Apophenia\Opal\glm\exponential.hpp">
      <Filter>Header Files</Filter>
    </ClInclude>
    <ClInclude Include="F:\Dev\Apophenia\Opal\glm\ext.hpp">
      <Filter>Header Files</Filter>
    </ClInclude>
    <ClInclude Include="F:\Dev\Apophenia\Opal\glm\fwd.hpp">
      <Filter>Header Files</Filter>
    </ClInclude>
    <ClInclude Include="F:\Dev\Apophenia\Opal\glm\geometric.hpp">
      <Filter>Header Files</Filter>
    </ClInclude>
    <ClInclude Include="F:\Dev\Apophenia\Opal\glm\glm.hpp">
      <Filter>Header Files</Filter>
    </ClInclude>
    <ClInclude Include="F:\Dev\Apophenia\Opal\glm\gtc\bitfield.hpp">
      <Filter>Header Files</Filter>
    </ClInclude>
    <ClInclude Include="F:\Dev\Apophenia\Opal\glm\gtc\color_space.hpp">
      <Filter>Header Files</Filter>
    </ClInclude>
    <ClInclude Include="F:\Dev\Apophenia\Opal\glm\gtc\constants.hpp">
      <Filter>Header Files</Filter>
    </ClInclude>
    <ClInclude Include="F:\Dev\Apophenia\Opal\glm\gtc\epsilon.hpp">
      <Filter>Header Files</Filter>
    </ClInclude>
    <ClInclude Include="F:\Dev\Apophenia\Opal\glm\gtc\integer.hpp">
      <Filter>Header Files</Filter>
    </ClInclude>
    <ClInclude Include="F:\Dev\Apophenia\Opal\glm\gtc\matrix_access.hpp">
      <Filter>Header Files</Filter>
    </ClInclude>
    <ClInclude Include="F:\Dev\Apophenia\Opal\glm\gtc\matrix_integer.hpp">
      <Filter>Header Files</Filter>
    </ClInclude>
    <ClInclude Include="F:\Dev\Apophenia\Opal\glm\gtc\matrix_inverse.hpp">
      <Filter>Header Files</Filter>
    </ClInclude>
    <ClInclude Include="F:\Dev\Apophenia\Opal\glm\gtc\matrix_transform.hpp">
      <Filter>Header Files</Filter>
    </ClInclude>
    <ClInclude Include="F:\Dev\Apophenia\Opal\glm\gtc\noise.hpp">
      <Filter>Header Files</Filter>
    </ClInclude>
    <ClInclude Include="F:\Dev\Apophenia\Opal\glm\gtc\packing.hpp">
      <Filter>Header Files</Filter>
    </ClInclude>
    <ClInclude Include="F:\Dev\Apophenia\Opal\glm\gtc\quaternion.hpp">
      <Filter>Header Files</Filter>
    </ClInclude>
    <ClInclude Include="F:\Dev\Apophenia\Opal\glm\gtc\random.hpp">
      <Filter>Header Files</Filter>
    </ClInclude>
    <ClInclude Include="F:\Dev\Apophenia\Opal\glm\gtc\reciprocal.hpp">
      <Filter>Header Files</Filter>
    </ClInclude>
    <ClInclude Include="F:\Dev\Apophenia\Opal\glm\gtc\round.hpp">
      <Filter>Header Files</Filter>
    </ClInclude>
    <ClInclude Include="F:\Dev\Apophenia\Opal\glm\gtc\type_aligned.hpp">
      <Filter>Header Files</Filter>
    </ClInclude>
    <ClInclude Include="F:\Dev\Apophenia\Opal\glm\gtc\type_precision.hpp">
      <Filter>Header Files</Filter>
    </ClInclude>
    <ClInclude Include="F:\Dev\Apophenia\Opal\glm\gtc\type_ptr.hpp">
      <Filter>Header Files</Filter>
    </ClInclude>
    <ClInclude Include="F:\Dev\Apophenia\Opal\glm\gtc\ulp.hpp">
      <Filter>Header Files</Filter>
    </ClInclude>
    <ClInclude Include="F:\Dev\Apophenia\Opal\glm\gtc\vec1.hpp">
      <Filter>Header Files</Filter>
    </ClInclude>
    <ClInclude Include="F:\Dev\Apophenia\Opal\glm\integer.hpp">
      <Filter>Header Files</Filter>
    </ClInclude>
    <ClInclude Include="F:\Dev\Apophenia\Opal\glm\mat2x2.hpp">
      <Filter>Header Files</Filter>
    </ClInclude>
    <ClInclude Include="F:\Dev\Apophenia\Opal\glm\mat2x3.hpp">
      <Filter>Header Files</Filter>
    </ClInclude>
    <ClInclude Include="F:\Dev\Apophenia\Opal\glm\mat2x4.hpp">
      <Filter>Header Files</Filter>
    </ClInclude>
    <ClInclude Include="F:\Dev\Apophenia\Opal\glm\mat3x2.hpp">
      <Filter>Header Files</Filter>
    </ClInclude>
    <ClInclude Include="F:\Dev\Apophenia\Opal\glm\mat3x3.hpp">
      <Filter>Header Files</Filter>
    </ClInclude>
    <ClInclude Include="F:\Dev\Apophenia\Opal\glm\mat3x4.hpp">
      <Filter>Header Files</Filter>
    </ClInclude>
    <ClInclude Include="F:\Dev\Apophenia\Opal\glm\mat4x2.hpp">
      <Filter>Header Files</Filter>
    </ClInclude>
    <ClInclude Include="F:\Dev\Apophenia\Opal\glm\mat4x3.hpp">
      <Filter>Header Files</Filter>
    </ClInclude>
    <ClInclude Include="F:\Dev\Apophenia\Opal\glm\mat4x4.hpp">
      <Filter>Header Files</Filter>
    </ClInclude>
    <ClInclude Include="F:\Dev\Apophenia\Opal\glm\matrix.hpp">
      <Filter>Header Files</Filter>
    </ClInclude>
    <ClInclude Include="F:\Dev\Apophenia\Opal\glm\packing.hpp">
      <Filter>Header Files</Filter>
    </ClInclude>
    <ClInclude Include="F:\Dev\Apophenia\Opal\glm\trigonometric.hpp">
      <Filter>Header Files</Filter>
    </ClInclude>
    <ClInclude Include="F:\Dev\Apophenia\Opal\glm\vec2.hpp">
      <Filter>Header Files</Filter>
    </ClInclude>
    <ClInclude Include="F:\Dev\Apophenia\Opal\glm\vec3.hpp">
      <Filter>Header Files</Filter>
    </ClInclude>
    <ClInclude Include="F:\Dev\Apophenia\Opal\glm\vec4.hpp">
      <Filter>Header Files</Filter>
    </ClInclude>
    <ClInclude Include="F:\Dev\Apophenia\Opal\glm\vector_relational.hpp">
      <Filter>Header Files</Filter>
    </ClInclude>
    <ClInclude Include="F:\Dev\Apophenia\Opal\util.h">
      <Filter>Header Files</Filter>
    </ClInclude>
    <ClInclude Include="F:\Dev\Apophenia\Opal\uuid.h">
      <Filter>Header Files</Filter>
    </ClInclude>
    <ClInclude Include="F:\Dev\Apophenia\Opal\vendor\FastNoiseLite.h">
      <Filter>Header Files</Filter>
    </ClInclude>
    <ClInclude Include="F:\Dev\Apophenia\Opal\vendor\imgui\imconfig.h">
      <Filter>Header Files</Filter>
    </ClInclude>
    <ClInclude Include="F:\Dev\Apophenia\Opal\vendor\imgui\imgui.h">
      <Filter>Header Files</Filter>
    </ClInclude>
    <ClInclude Include="F:\Dev\Apophenia\Opal\vendor\imgui\imgui_impl_sdl.h">
      <Filter>Header Files</Filter>
    </ClInclude>
    <ClInclude Include="F:\Dev\Apophenia\Opal\vendor\imgui\imgui_impl_vulkan.h">
      <Filter>Header Files</Filter>
    </ClInclude>
    <ClInclude Include="F:\Dev\Apophenia\Opal\vendor\imgui\imgui_internal.h">
      <Filter>Header Files</Filter>
    </ClInclude>
    <ClInclude Include="F:\Dev\Apophenia\Opal\vendor\imgui\imgui_stdlib.h">
      <Filter>Header Files</Filter>
    </ClInclude>
    <ClInclude Include="F:\Dev\Apophenia\Opal\vendor\imgui\implot.h">
      <Filter>Header Files</Filter>
    </ClInclude>
    <ClInclude Include="F:\Dev\Apophenia\Opal\vendor\imgui\implot_internal.h">
      <Filter>Header Files</Filter>
    </ClInclude>
    <ClInclude Include="F:\Dev\Apophenia\Opal\vendor\imgui\imstb_rectpack.h">
      <Filter>Header Files</Filter>
    </ClInclude>
    <ClInclude Include="F:\Dev\Apophenia\Opal\vendor\imgui\imstb_textedit.h">
      <Filter>Header Files</Filter>
    </ClInclude>
    <ClInclude Include="F:\Dev\Apophenia\Opal\vendor\imgui\imstb_truetype.h">
      <Filter>Header Files</Filter>
    </ClInclude>
    <ClInclude Include="F:\Dev\Apophenia\Opal\vendor\soloud\include\soloud.h">
      <Filter>Header Files</Filter>
    </ClInclude>
    <ClInclude Include="F:\Dev\Apophenia\Opal\vendor\soloud\include\soloud_audiosource.h">
      <Filter>Header Files</Filter>
    </ClInclude>
    <ClInclude Include="F:\Dev\Apophenia\Opal\vendor\soloud\include\soloud_bassboostfilter.h">
      <Filter>Header Files</Filter>
    </ClInclude>
    <ClInclude Include="F:\Dev\Apophenia\Opal\vendor\soloud\include\soloud_biquadresonantfilter.h">
      <Filter>Header Files</Filter>
    </ClInclude>
    <ClInclude Include="F:\Dev\Apophenia\Opal\vendor\soloud\include\soloud_bus.h">
      <Filter>Header Files</Filter>
    </ClInclude>
    <ClInclude Include="F:\Dev\Apophenia\Opal\vendor\soloud\include\soloud_c.h">
      <Filter>Header Files</Filter>
    </ClInclude>
    <ClInclude Include="F:\Dev\Apophenia\Opal\vendor\soloud\include\soloud_dcremovalfilter.h">
      <Filter>Header Files</Filter>
    </ClInclude>
    <ClInclude Include="F:\Dev\Apophenia\Opal\vendor\soloud\include\soloud_echofilter.h">
      <Filter>Header Files</Filter>
    </ClInclude>
    <ClInclude Include="F:\Dev\Apophenia\Opal\vendor\soloud\include\soloud_error.h">
      <Filter>Header Files</Filter>
    </ClInclude>
    <ClInclude Include="F:\Dev\Apophenia\Opal\vendor\soloud\include\soloud_fader.h">
      <Filter>Header Files</Filter>
    </ClInclude>
    <ClInclude Include="F:\Dev\Apophenia\Opal\vendor\soloud\include\soloud_fft.h">
      <Filter>Header Files</Filter>
    </ClInclude>
    <ClInclude Include="F:\Dev\Apophenia\Opal\vendor\soloud\include\soloud_fftfilter.h">
      <Filter>Header Files</Filter>
    </ClInclude>
    <ClInclude Include="F:\Dev\Apophenia\Opal\vendor\soloud\include\soloud_file.h">
      <Filter>Header Files</Filter>
    </ClInclude>
    <ClInclude Include="F:\Dev\Apophenia\Opal\vendor\soloud\include\soloud_file_hack_off.h">
      <Filter>Header Files</Filter>
    </ClInclude>
    <ClInclude Include="F:\Dev\Apophenia\Opal\vendor\soloud\include\soloud_file_hack_on.h">
      <Filter>Header Files</Filter>
    </ClInclude>
    <ClInclude Include="F:\Dev\Apophenia\Opal\vendor\soloud\include\soloud_filter.h">
      <Filter>Header Files</Filter>
    </ClInclude>
    <ClInclude Include="F:\Dev\Apophenia\Opal\vendor\soloud\include\soloud_flangerfilter.h">
      <Filter>Header Files</Filter>
    </ClInclude>
    <ClInclude Include="F:\Dev\Apophenia\Opal\vendor\soloud\include\soloud_freeverbfilter.h">
      <Filter>Header Files</Filter>
    </ClInclude>
    <ClInclude Include="F:\Dev\Apophenia\Opal\vendor\soloud\include\soloud_internal.h">
      <Filter>Header Files</Filter>
    </ClInclude>
    <ClInclude Include="F:\Dev\Apophenia\Opal\vendor\soloud\include\soloud_lofifilter.h">
      <Filter>Header Files</Filter>
    </ClInclude>
    <ClInclude Include="F:\Dev\Apophenia\Opal\vendor\soloud\include\soloud_misc.h">
      <Filter>Header Files</Filter>
    </ClInclude>
    <ClInclude Include="F:\Dev\Apophenia\Opal\vendor\soloud\include\soloud_monotone.h">
      <Filter>Header Files</Filter>
    </ClInclude>
    <ClInclude Include="F:\Dev\Apophenia\Opal\vendor\soloud\include\soloud_noise.h">
      <Filter>Header Files</Filter>
    </ClInclude>
    <ClInclude Include="F:\Dev\Apophenia\Opal\vendor\soloud\include\soloud_openmpt.h">
      <Filter>Header Files</Filter>
    </ClInclude>
    <ClInclude Include="F:\Dev\Apophenia\Opal\vendor\soloud\include\soloud_queue.h">
      <Filter>Header Files</Filter>
    </ClInclude>
    <ClInclude Include="F:\Dev\Apophenia\Opal\vendor\soloud\include\soloud_robotizefilter.h">
      <Filter>Header Files</Filter>
    </ClInclude>
    <ClInclude Include="F:\Dev\Apophenia\Opal\vendor\soloud\include\soloud_sfxr.h">
      <Filter>Header Files</Filter>
    </ClInclude>
    <ClInclude Include="F:\Dev\Apophenia\Opal\vendor\soloud\include\soloud_speech.h">
      <Filter>Header Files</Filter>
    </ClInclude>
    <ClInclude Include="F:\Dev\Apophenia\Opal\vendor\soloud\include\soloud_tedsid.h">
      <Filter>Header Files</Filter>
    </ClInclude>
    <ClInclude Include="F:\Dev\Apophenia\Opal\vendor\soloud\include\soloud_thread.h">
      <Filter>Header Files</Filter>
    </ClInclude>
    <ClInclude Include="F:\Dev\Apophenia\Opal\vendor\soloud\include\soloud_vic.h">
      <Filter>Header Files</Filter>
    </ClInclude>
    <ClInclude Include="F:\Dev\Apophenia\Opal\vendor\soloud\include\soloud_vizsn.h">
      <Filter>Header Files</Filter>
    </ClInclude>
    <ClInclude Include="F:\Dev\Apophenia\Opal\vendor\soloud\include\soloud_wav.h">
      <Filter>Header Files</Filter>
    </ClInclude>
    <ClInclude Include="F:\Dev\Apophenia\Opal\vendor\soloud\include\soloud_waveshaperfilter.h">
      <Filter>Header Files</Filter>
    </ClInclude>
    <ClInclude Include="F:\Dev\Apophenia\Opal\vendor\soloud\include\soloud_wavstream.h">
      <Filter>Header Files</Filter>
    </ClInclude>
    <ClInclude Include="F:\Dev\Apophenia\Opal\vendor\soloud\src\audiosource\wav\dr_flac.h">
      <Filter>Header Files</Filter>
    </ClInclude>
    <ClInclude Include="F:\Dev\Apophenia\Opal\vendor\soloud\src\audiosource\wav\dr_mp3.h">
      <Filter>Header Files</Filter>
    </ClInclude>
    <ClInclude Include="F:\Dev\Apophenia\Opal\vendor\soloud\src\audiosource\wav\dr_wav.h">
      <Filter>Header Files</Filter>
    </ClInclude>
    <ClInclude Include="F:\Dev\Apophenia\Opal\vendor\soloud\src\audiosource\wav\stb_vorbis.h">
      <Filter>Header Files</Filter>
    </ClInclude>
    <ClInclude Include="F:\Dev\Apophenia\Opal\vendor\soloud\src\backend\miniaudio\miniaudio.h">
      <Filter>Header Files</Filter>
    </ClInclude>
    <ClInclude Include="F:\Dev\Apophenia\Opal\vendor\stb_image.h">
      <Filter>Header Files</Filter>
    </ClInclude>
    <ClInclude Include="F:\Dev\Apophenia\Opal\vendor\stb_image_write.h">
      <Filter>Header Files</Filter>
    </ClInclude>
    <ClInclude Include="F:\Dev\Apophenia\Opal\vendor\tinyxml2\tinyxml2.h">
      <Filter>Header Files</Filter>
    </ClInclude>
  </ItemGroup>
  <ItemGroup>
    <CustomBuild Include="F:\Dev\Apophenia\Opal\CMakeLists.txt" />
  </ItemGroup>
  <ItemGroup>
    <Filter Include="Header Files">
      <UniqueIdentifier>{79EB704F-0B12-3CCA-BD43-4849E7217A33}</UniqueIdentifier>
    </Filter>
    <Filter Include="Source Files">
      <UniqueIdentifier>{928FCA11-5F82-3447-94D1-68DC7A808951}</UniqueIdentifier>
    </Filter>
  </ItemGroup>
</Project>
